// !$*UTF8*$!
{
	archiveVersion = 1;
	classes = {
	};
	objectVersion = 46;
	objects = {

/* Begin PBXBuildFile section */
		180696BB1E124C4500CB9EED /* main.m in Sources */ = {isa = PBXBuildFile; fileRef = 180696BA1E124C4500CB9EED /* main.m */; };
		180696BE1E124C4500CB9EED /* AppDelegate.m in Sources */ = {isa = PBXBuildFile; fileRef = 180696BD1E124C4500CB9EED /* AppDelegate.m */; };
		180696C61E124C4500CB9EED /* Assets.xcassets in Resources */ = {isa = PBXBuildFile; fileRef = 180696C51E124C4500CB9EED /* Assets.xcassets */; };
		180696C91E124C4500CB9EED /* LaunchScreen.storyboard in Resources */ = {isa = PBXBuildFile; fileRef = 180696C71E124C4500CB9EED /* LaunchScreen.storyboard */; };
		180696E11E124C7800CB9EED /* NSArray+YUException.m in Sources */ = {isa = PBXBuildFile; fileRef = 180696D21E124C7800CB9EED /* NSArray+YUException.m */; };
		180696E21E124C7800CB9EED /* NSDictionary+YUException.m in Sources */ = {isa = PBXBuildFile; fileRef = 180696D41E124C7800CB9EED /* NSDictionary+YUException.m */; };
		180696E31E124C7800CB9EED /* NSException+YU.m in Sources */ = {isa = PBXBuildFile; fileRef = 180696D61E124C7800CB9EED /* NSException+YU.m */; };
		180696E41E124C7800CB9EED /* NSMethodSignature+YUException.m in Sources */ = {isa = PBXBuildFile; fileRef = 180696D81E124C7800CB9EED /* NSMethodSignature+YUException.m */; };
		180696E51E124C7800CB9EED /* NSObject+YUException.m in Sources */ = {isa = PBXBuildFile; fileRef = 180696DA1E124C7800CB9EED /* NSObject+YUException.m */; };
		180696E61E124C7800CB9EED /* NSObject+YULog.m in Sources */ = {isa = PBXBuildFile; fileRef = 180696DC1E124C7800CB9EED /* NSObject+YULog.m */; };
		180696E71E124C7800CB9EED /* NSString+YUException.m in Sources */ = {isa = PBXBuildFile; fileRef = 180696DE1E124C7800CB9EED /* NSString+YUException.m */; };
		180D3F771E1389BC0030D01B /* UncaughtExceptionHandler.m in Sources */ = {isa = PBXBuildFile; fileRef = 180D3F761E1389BC0030D01B /* UncaughtExceptionHandler.m */; };
/* End PBXBuildFile section */

/* Begin PBXFileReference section */
		180696B61E124C4500CB9EED /* YUException.app */ = {isa = PBXFileReference; explicitFileType = wrapper.application; includeInIndex = 0; path = YUException.app; sourceTree = BUILT_PRODUCTS_DIR; };
		180696BA1E124C4500CB9EED /* main.m */ = {isa = PBXFileReference; lastKnownFileType = sourcecode.c.objc; path = main.m; sourceTree = "<group>"; };
		180696BC1E124C4500CB9EED /* AppDelegate.h */ = {isa = PBXFileReference; lastKnownFileType = sourcecode.c.h; path = AppDelegate.h; sourceTree = "<group>"; };
		180696BD1E124C4500CB9EED /* AppDelegate.m */ = {isa = PBXFileReference; lastKnownFileType = sourcecode.c.objc; path = AppDelegate.m; sourceTree = "<group>"; };
		180696C51E124C4500CB9EED /* Assets.xcassets */ = {isa = PBXFileReference; lastKnownFileType = folder.assetcatalog; path = Assets.xcassets; sourceTree = "<group>"; };
		180696C81E124C4500CB9EED /* Base */ = {isa = PBXFileReference; lastKnownFileType = file.storyboard; name = Base; path = Base.lproj/LaunchScreen.storyboard; sourceTree = "<group>"; };
		180696CA1E124C4500CB9EED /* Info.plist */ = {isa = PBXFileReference; lastKnownFileType = text.plist.xml; path = Info.plist; sourceTree = "<group>"; };
		180696D11E124C7800CB9EED /* NSArray+YUException.h */ = {isa = PBXFileReference; fileEncoding = 4; lastKnownFileType = sourcecode.c.h; path = "NSArray+YUException.h"; sourceTree = "<group>"; };
		180696D21E124C7800CB9EED /* NSArray+YUException.m */ = {isa = PBXFileReference; fileEncoding = 4; lastKnownFileType = sourcecode.c.objc; path = "NSArray+YUException.m"; sourceTree = "<group>"; };
		180696D31E124C7800CB9EED /* NSDictionary+YUException.h */ = {isa = PBXFileReference; fileEncoding = 4; lastKnownFileType = sourcecode.c.h; path = "NSDictionary+YUException.h"; sourceTree = "<group>"; };
		180696D41E124C7800CB9EED /* NSDictionary+YUException.m */ = {isa = PBXFileReference; fileEncoding = 4; lastKnownFileType = sourcecode.c.objc; path = "NSDictionary+YUException.m"; sourceTree = "<group>"; };
		180696D51E124C7800CB9EED /* NSException+YU.h */ = {isa = PBXFileReference; fileEncoding = 4; lastKnownFileType = sourcecode.c.h; path = "NSException+YU.h"; sourceTree = "<group>"; };
		180696D61E124C7800CB9EED /* NSException+YU.m */ = {isa = PBXFileReference; fileEncoding = 4; lastKnownFileType = sourcecode.c.objc; path = "NSException+YU.m"; sourceTree = "<group>"; };
		180696D71E124C7800CB9EED /* NSMethodSignature+YUException.h */ = {isa = PBXFileReference; fileEncoding = 4; lastKnownFileType = sourcecode.c.h; path = "NSMethodSignature+YUException.h"; sourceTree = "<group>"; };
		180696D81E124C7800CB9EED /* NSMethodSignature+YUException.m */ = {isa = PBXFileReference; fileEncoding = 4; lastKnownFileType = sourcecode.c.objc; path = "NSMethodSignature+YUException.m"; sourceTree = "<group>"; };
		180696D91E124C7800CB9EED /* NSObject+YUException.h */ = {isa = PBXFileReference; fileEncoding = 4; lastKnownFileType = sourcecode.c.h; path = "NSObject+YUException.h"; sourceTree = "<group>"; };
		180696DA1E124C7800CB9EED /* NSObject+YUException.m */ = {isa = PBXFileReference; fileEncoding = 4; lastKnownFileType = sourcecode.c.objc; path = "NSObject+YUException.m"; sourceTree = "<group>"; };
		180696DB1E124C7800CB9EED /* NSObject+YULog.h */ = {isa = PBXFileReference; fileEncoding = 4; lastKnownFileType = sourcecode.c.h; path = "NSObject+YULog.h"; sourceTree = "<group>"; };
		180696DC1E124C7800CB9EED /* NSObject+YULog.m */ = {isa = PBXFileReference; fileEncoding = 4; lastKnownFileType = sourcecode.c.objc; path = "NSObject+YULog.m"; sourceTree = "<group>"; };
		180696DD1E124C7800CB9EED /* NSString+YUException.h */ = {isa = PBXFileReference; fileEncoding = 4; lastKnownFileType = sourcecode.c.h; path = "NSString+YUException.h"; sourceTree = "<group>"; };
		180696DE1E124C7800CB9EED /* NSString+YUException.m */ = {isa = PBXFileReference; fileEncoding = 4; lastKnownFileType = sourcecode.c.objc; path = "NSString+YUException.m"; sourceTree = "<group>"; };
		180D3F751E1389BC0030D01B /* UncaughtExceptionHandler.h */ = {isa = PBXFileReference; fileEncoding = 4; lastKnownFileType = sourcecode.c.h; path = UncaughtExceptionHandler.h; sourceTree = "<group>"; };
		180D3F761E1389BC0030D01B /* UncaughtExceptionHandler.m */ = {isa = PBXFileReference; fileEncoding = 4; lastKnownFileType = sourcecode.c.objc; path = UncaughtExceptionHandler.m; sourceTree = "<group>"; };
/* End PBXFileReference section */

/* Begin PBXFrameworksBuildPhase section */
		180696B31E124C4500CB9EED /* Frameworks */ = {
			isa = PBXFrameworksBuildPhase;
			buildActionMask = 2147483647;
			files = (
			);
			runOnlyForDeploymentPostprocessing = 0;
		};
/* End PBXFrameworksBuildPhase section */

/* Begin PBXGroup section */
		180696AD1E124C4500CB9EED = {
			isa = PBXGroup;
			children = (
				180696B81E124C4500CB9EED /* YUException */,
				180696B71E124C4500CB9EED /* Products */,
			);
			sourceTree = "<group>";
		};
		180696B71E124C4500CB9EED /* Products */ = {
			isa = PBXGroup;
			children = (
				180696B61E124C4500CB9EED /* YUException.app */,
			);
			name = Products;
			sourceTree = "<group>";
		};
		180696B81E124C4500CB9EED /* YUException */ = {
			isa = PBXGroup;
			children = (
				180696D01E124C7800CB9EED /* YUException */,
				180696BC1E124C4500CB9EED /* AppDelegate.h */,
				180696BD1E124C4500CB9EED /* AppDelegate.m */,
				180696C51E124C4500CB9EED /* Assets.xcassets */,
				180696C71E124C4500CB9EED /* LaunchScreen.storyboard */,
				180696CA1E124C4500CB9EED /* Info.plist */,
				180696B91E124C4500CB9EED /* Supporting Files */,
			);
			path = YUException;
			sourceTree = "<group>";
		};
		180696B91E124C4500CB9EED /* Supporting Files */ = {
			isa = PBXGroup;
			children = (
				180696BA1E124C4500CB9EED /* main.m */,
			);
			name = "Supporting Files";
			sourceTree = "<group>";
		};
		180696D01E124C7800CB9EED /* YUException */ = {
			isa = PBXGroup;
			children = (
				180696EF1E124EAA00CB9EED /* exception */,
				180696DB1E124C7800CB9EED /* NSObject+YULog.h */,
				180696DC1E124C7800CB9EED /* NSObject+YULog.m */,
				180696D51E124C7800CB9EED /* NSException+YU.h */,
				180696D61E124C7800CB9EED /* NSException+YU.m */,
				180D3F751E1389BC0030D01B /* UncaughtExceptionHandler.h */,
				180D3F761E1389BC0030D01B /* UncaughtExceptionHandler.m */,
			);
			path = YUException;
			sourceTree = "<group>";
		};
		180696EF1E124EAA00CB9EED /* exception */ = {
			isa = PBXGroup;
			children = (
				180696D11E124C7800CB9EED /* NSArray+YUException.h */,
				180696D21E124C7800CB9EED /* NSArray+YUException.m */,
				180696D31E124C7800CB9EED /* NSDictionary+YUException.h */,
				180696D41E124C7800CB9EED /* NSDictionary+YUException.m */,
				180696D71E124C7800CB9EED /* NSMethodSignature+YUException.h */,
				180696D81E124C7800CB9EED /* NSMethodSignature+YUException.m */,
				180696D91E124C7800CB9EED /* NSObject+YUException.h */,
				180696DA1E124C7800CB9EED /* NSObject+YUException.m */,
				180696DD1E124C7800CB9EED /* NSString+YUException.h */,
				180696DE1E124C7800CB9EED /* NSString+YUException.m */,
			);
			name = exception;
			sourceTree = "<group>";
		};
/* End PBXGroup section */

/* Begin PBXNativeTarget section */
		180696B51E124C4500CB9EED /* YUException */ = {
			isa = PBXNativeTarget;
			buildConfigurationList = 180696CD1E124C4500CB9EED /* Build configuration list for PBXNativeTarget "YUException" */;
			buildPhases = (
				180696B21E124C4500CB9EED /* Sources */,
				180696B31E124C4500CB9EED /* Frameworks */,
				180696B41E124C4500CB9EED /* Resources */,
			);
			buildRules = (
			);
			dependencies = (
			);
			name = YUException;
			productName = YUException;
			productReference = 180696B61E124C4500CB9EED /* YUException.app */;
			productType = "com.apple.product-type.application";
		};
/* End PBXNativeTarget section */

/* Begin PBXProject section */
		180696AE1E124C4500CB9EED /* Project object */ = {
			isa = PBXProject;
			attributes = {
				LastUpgradeCheck = 0810;
				ORGANIZATIONNAME = BruceYu;
				TargetAttributes = {
					180696B51E124C4500CB9EED = {
						CreatedOnToolsVersion = 8.1;
						ProvisioningStyle = Manual;
					};
				};
			};
			buildConfigurationList = 180696B11E124C4500CB9EED /* Build configuration list for PBXProject "YUException" */;
			compatibilityVersion = "Xcode 3.2";
			developmentRegion = English;
			hasScannedForEncodings = 0;
			knownRegions = (
				en,
				Base,
			);
			mainGroup = 180696AD1E124C4500CB9EED;
			productRefGroup = 180696B71E124C4500CB9EED /* Products */;
			projectDirPath = "";
			projectRoot = "";
			targets = (
				180696B51E124C4500CB9EED /* YUException */,
			);
		};
/* End PBXProject section */

/* Begin PBXResourcesBuildPhase section */
		180696B41E124C4500CB9EED /* Resources */ = {
			isa = PBXResourcesBuildPhase;
			buildActionMask = 2147483647;
			files = (
				180696C91E124C4500CB9EED /* LaunchScreen.storyboard in Resources */,
				180696C61E124C4500CB9EED /* Assets.xcassets in Resources */,
			);
			runOnlyForDeploymentPostprocessing = 0;
		};
/* End PBXResourcesBuildPhase section */

/* Begin PBXSourcesBuildPhase section */
		180696B21E124C4500CB9EED /* Sources */ = {
			isa = PBXSourcesBuildPhase;
			buildActionMask = 2147483647;
			files = (
				180696E11E124C7800CB9EED /* NSArray+YUException.m in Sources */,
				180D3F771E1389BC0030D01B /* UncaughtExceptionHandler.m in Sources */,
				180696E51E124C7800CB9EED /* NSObject+YUException.m in Sources */,
				180696E21E124C7800CB9EED /* NSDictionary+YUException.m in Sources */,
				180696BE1E124C4500CB9EED /* AppDelegate.m in Sources */,
				180696E31E124C7800CB9EED /* NSException+YU.m in Sources */,
				180696E61E124C7800CB9EED /* NSObject+YULog.m in Sources */,
				180696E41E124C7800CB9EED /* NSMethodSignature+YUException.m in Sources */,
				180696BB1E124C4500CB9EED /* main.m in Sources */,
				180696E71E124C7800CB9EED /* NSString+YUException.m in Sources */,
			);
			runOnlyForDeploymentPostprocessing = 0;
		};
/* End PBXSourcesBuildPhase section */

/* Begin PBXVariantGroup section */
		180696C71E124C4500CB9EED /* LaunchScreen.storyboard */ = {
			isa = PBXVariantGroup;
			children = (
				180696C81E124C4500CB9EED /* Base */,
			);
			name = LaunchScreen.storyboard;
			sourceTree = "<group>";
		};
/* End PBXVariantGroup section */

/* Begin XCBuildConfiguration section */
		180696CB1E124C4500CB9EED /* Debug */ = {
			isa = XCBuildConfiguration;
			buildSettings = {
				ALWAYS_SEARCH_USER_PATHS = NO;
				CLANG_ANALYZER_NONNULL = YES;
				CLANG_CXX_LANGUAGE_STANDARD = "gnu++0x";
				CLANG_CXX_LIBRARY = "libc++";
				CLANG_ENABLE_MODULES = YES;
				CLANG_ENABLE_OBJC_ARC = YES;
				CLANG_WARN_BOOL_CONVERSION = YES;
				CLANG_WARN_CONSTANT_CONVERSION = YES;
				CLANG_WARN_DIRECT_OBJC_ISA_USAGE = YES_ERROR;
				CLANG_WARN_DOCUMENTATION_COMMENTS = YES;
				CLANG_WARN_EMPTY_BODY = YES;
				CLANG_WARN_ENUM_CONVERSION = YES;
				CLANG_WARN_INFINITE_RECURSION = YES;
				CLANG_WARN_INT_CONVERSION = YES;
				CLANG_WARN_OBJC_ROOT_CLASS = YES_ERROR;
				CLANG_WARN_SUSPICIOUS_MOVES = YES;
				CLANG_WARN_UNREACHABLE_CODE = YES;
				CLANG_WARN__DUPLICATE_METHOD_MATCH = YES;
				"CODE_SIGN_IDENTITY[sdk=iphoneos*]" = "iPhone Developer";
				COPY_PHASE_STRIP = NO;
				DEBUG_INFORMATION_FORMAT = dwarf;
				ENABLE_STRICT_OBJC_MSGSEND = YES;
				ENABLE_TESTABILITY = YES;
				GCC_C_LANGUAGE_STANDARD = gnu99;
				GCC_DYNAMIC_NO_PIC = NO;
				GCC_NO_COMMON_BLOCKS = YES;
				GCC_OPTIMIZATION_LEVEL = 0;
				GCC_PREPROCESSOR_DEFINITIONS = (
					"DEBUG=1",
					"$(inherited)",
				);
				GCC_WARN_64_TO_32_BIT_CONVERSION = YES;
				GCC_WARN_ABOUT_RETURN_TYPE = YES_ERROR;
				GCC_WARN_UNDECLARED_SELECTOR = YES;
				GCC_WARN_UNINITIALIZED_AUTOS = YES_AGGRESSIVE;
				GCC_WARN_UNUSED_FUNCTION = YES;
				GCC_WARN_UNUSED_VARIABLE = YES;
				IPHONEOS_DEPLOYMENT_TARGET = 10.1;
				MTL_ENABLE_DEBUG_INFO = YES;
				ONLY_ACTIVE_ARCH = YES;
				SDKROOT = iphoneos;
			};
			name = Debug;
		};
		180696CC1E124C4500CB9EED /* Release */ = {
			isa = XCBuildConfiguration;
			buildSettings = {
				ALWAYS_SEARCH_USER_PATHS = NO;
				CLANG_ANALYZER_NONNULL = YES;
				CLANG_CXX_LANGUAGE_STANDARD = "gnu++0x";
				CLANG_CXX_LIBRARY = "libc++";
				CLANG_ENABLE_MODULES = YES;
				CLANG_ENABLE_OBJC_ARC = YES;
				CLANG_WARN_BOOL_CONVERSION = YES;
				CLANG_WARN_CONSTANT_CONVERSION = YES;
				CLANG_WARN_DIRECT_OBJC_ISA_USAGE = YES_ERROR;
				CLANG_WARN_DOCUMENTATION_COMMENTS = YES;
				CLANG_WARN_EMPTY_BODY = YES;
				CLANG_WARN_ENUM_CONVERSION = YES;
				CLANG_WARN_INFINITE_RECURSION = YES;
				CLANG_WARN_INT_CONVERSION = YES;
				CLANG_WARN_OBJC_ROOT_CLASS = YES_ERROR;
				CLANG_WARN_SUSPICIOUS_MOVES = YES;
				CLANG_WARN_UNREACHABLE_CODE = YES;
				CLANG_WARN__DUPLICATE_METHOD_MATCH = YES;
				"CODE_SIGN_IDENTITY[sdk=iphoneos*]" = "iPhone Developer";
				COPY_PHASE_STRIP = NO;
				DEBUG_INFORMATION_FORMAT = "dwarf-with-dsym";
				ENABLE_NS_ASSERTIONS = NO;
				ENABLE_STRICT_OBJC_MSGSEND = YES;
				GCC_C_LANGUAGE_STANDARD = gnu99;
				GCC_NO_COMMON_BLOCKS = YES;
				GCC_WARN_64_TO_32_BIT_CONVERSION = YES;
				GCC_WARN_ABOUT_RETURN_TYPE = YES_ERROR;
				GCC_WARN_UNDECLARED_SELECTOR = YES;
				GCC_WARN_UNINITIALIZED_AUTOS = YES_AGGRESSIVE;
				GCC_WARN_UNUSED_FUNCTION = YES;
				GCC_WARN_UNUSED_VARIABLE = YES;
				IPHONEOS_DEPLOYMENT_TARGET = 10.1;
				MTL_ENABLE_DEBUG_INFO = NO;
				SDKROOT = iphoneos;
				VALIDATE_PRODUCT = YES;
			};
			name = Release;
		};
		180696CE1E124C4500CB9EED /* Debug */ = {
			isa = XCBuildConfiguration;
			buildSettings = {
				ASSETCATALOG_COMPILER_APPICON_NAME = AppIcon;
				DEVELOPMENT_TEAM = "";
				INFOPLIST_FILE = YUException/Info.plist;
				IPHONEOS_DEPLOYMENT_TARGET = 8.0;
				LD_RUNPATH_SEARCH_PATHS = "$(inherited) @executable_path/Frameworks";
				PRODUCT_BUNDLE_IDENTIFIER = com.BruceYu.YUException;
				PRODUCT_NAME = "$(TARGET_NAME)";
			};
			name = Debug;
		};
		180696CF1E124C4500CB9EED /* Release */ = {
			isa = XCBuildConfiguration;
			buildSettings = {
				ASSETCATALOG_COMPILER_APPICON_NAME = AppIcon;
				DEVELOPMENT_TEAM = "";
				INFOPLIST_FILE = YUException/Info.plist;
				IPHONEOS_DEPLOYMENT_TARGET = 8.0;
				LD_RUNPATH_SEARCH_PATHS = "$(inherited) @executable_path/Frameworks";
				PRODUCT_BUNDLE_IDENTIFIER = com.BruceYu.YUException;
				PRODUCT_NAME = "$(TARGET_NAME)";
			};
			name = Release;
		};
/* End XCBuildConfiguration section */

/* Begin XCConfigurationList section */
		180696B11E124C4500CB9EED /* Build configuration list for PBXProject "YUException" */ = {
			isa = XCConfigurationList;
			buildConfigurations = (
				180696CB1E124C4500CB9EED /* Debug */,
				180696CC1E124C4500CB9EED /* Release */,
			);
			defaultConfigurationIsVisible = 0;
			defaultConfigurationName = Release;
		};
		180696CD1E124C4500CB9EED /* Build configuration list for PBXNativeTarget "YUException" */ = {
			isa = XCConfigurationList;
			buildConfigurations = (
				180696CE1E124C4500CB9EED /* Debug */,
				180696CF1E124C4500CB9EED /* Release */,
			);
			defaultConfigurationIsVisible = 0;
			defaultConfigurationName = Release;
		};
/* End XCConfigurationList section */
	};
	rootObject = 180696AE1E124C4500CB9EED /* Project object */;
}
